{
  "nodes": {
    "diverk-src": {
      "flake": false,
      "locked": {
        "lastModified": 1742590295,
        "narHash": "sha256-jVX0f+EgXibapAaRvg/kZRbkV4djRrUwce19qskokQY=",
        "owner": "jecaro",
        "repo": "diverk",
        "rev": "3807c713fe81425bcc6a25e86ae545665c56755c",
        "type": "github"
      },
      "original": {
        "owner": "jecaro",
        "repo": "diverk",
        "type": "github"
      }
    },
    "nixpkgs": {
      "locked": {
        "lastModified": 1733808091,
        "narHash": "sha256-KWwINTQelKOoQgrXftxoqxmKFZb9pLVfnRvK270nkVk=",
        "owner": "nixos",
        "repo": "nixpkgs",
        "rev": "a0f3e10d94359665dba45b71b4227b0aeb851f8e",
        "type": "github"
      },
      "original": {
        "owner": "nixos",
        "ref": "nixos-24.11",
        "repo": "nixpkgs",
        "type": "github"
      }
    },
    "root": {
      "inputs": {
        "diverk-src": "diverk-src",
        "nixpkgs": "nixpkgs"
      }
    }
  },
  "root": "root",
  "version": 7
}
