{
  "nodes": {
    "diverk-src": {
      "flake": false,
      "locked": {
        "lastModified": 1727944390,
        "narHash": "sha256-14YxxrpgC/TADM2boVoDU9RF5iTLYd6uRCFFYUyUbr8=",
        "owner": "jecaro",
        "repo": "diverk",
        "rev": "4b67bcce5f4cc6550e49764909e064cfa19d70a2",
        "type": "github"
      },
      "original": {
        "owner": "jecaro",
        "repo": "diverk",
        "type": "github"
      }
    },
    "nixpkgs": {
      "locked": {
        "lastModified": 1733808091,
        "narHash": "sha256-KWwINTQelKOoQgrXftxoqxmKFZb9pLVfnRvK270nkVk=",
        "owner": "nixos",
        "repo": "nixpkgs",
        "rev": "a0f3e10d94359665dba45b71b4227b0aeb851f8e",
        "type": "github"
      },
      "original": {
        "owner": "nixos",
        "ref": "nixos-24.11",
        "repo": "nixpkgs",
        "type": "github"
      }
    },
    "root": {
      "inputs": {
        "diverk-src": "diverk-src",
        "nixpkgs": "nixpkgs"
      }
    }
  },
  "root": "root",
  "version": 7
}
