{
  "nodes": {
    "nixpkgs": {
      "locked": {
        "lastModified": 1791031588,
        "narHash": "sha256-/FGDr01siZ8txrVzkOz6CYjiz0XR27JuVJP+aWchi4s=",
        "owner": "nixos",
        "repo": "nixpkgs",
        "rev": "825e2028c29b702a4a5f085f08095d12099784f2",
        "type": "github"
      },
      "original": {
        "owner": "nixos",
        "ref": "nixos-26.05",
        "repo": "nixpkgs",
        "type": "github"
      }
    },
    "root": {
      "inputs": {
        "nixpkgs": "nixpkgs"
      }
    }
  },
  "root": "root",
  "version": 7
}
